// !$*UTF8*$!
{
	archiveVersion = 1;
	classes = {
	};
	objectVersion = 46;
	objects = {

/* Begin PBXBuildFile section */
		868094641F0253EE0017DAEA /* AppDelegate.swift in Sources */ = {isa = PBXBuildFile; fileRef = 868094631F0253EE0017DAEA /* AppDelegate.swift */; };
		868094661F0253EE0017DAEA /* ViewController.swift in Sources */ = {isa = PBXBuildFile; fileRef = 868094651F0253EE0017DAEA /* ViewController.swift */; };
		868094691F0253EE0017DAEA /* Main.storyboard in Resources */ = {isa = PBXBuildFile; fileRef = 868094671F0253EE0017DAEA /* Main.storyboard */; };
		8680946B1F0253EE0017DAEA /* Assets.xcassets in Resources */ = {isa = PBXBuildFile; fileRef = 8680946A1F0253EE0017DAEA /* Assets.xcassets */; };
		8680946E1F0253EE0017DAEA /* LaunchScreen.storyboard in Resources */ = {isa = PBXBuildFile; fileRef = 8680946C1F0253EE0017DAEA /* LaunchScreen.storyboard */; };
		87A7D07F4DC012F74EF4FCFF /* Pods_YYColorExtension.framework in Frameworks */ = {isa = PBXBuildFile; fileRef = BDAC3106CED9F4B238DE1146 /* Pods_YYColorExtension.framework */; };
/* End PBXBuildFile section */

/* Begin PBXFileReference section */
		4D112C3AC7ADD3394DB718BE /* Pods-YYColorExtension.release.xcconfig */ = {isa = PBXFileReference; includeInIndex = 1; lastKnownFileType = text.xcconfig; name = "Pods-YYColorExtension.release.xcconfig"; path = "Pods/Target Support Files/Pods-YYColorExtension/Pods-YYColorExtension.release.xcconfig"; sourceTree = "<group>"; };
		868094601F0253EE0017DAEA /* YYColorExtension.app */ = {isa = PBXFileReference; explicitFileType = wrapper.application; includeInIndex = 0; path = YYColorExtension.app; sourceTree = BUILT_PRODUCTS_DIR; };
		868094631F0253EE0017DAEA /* AppDelegate.swift */ = {isa = PBXFileReference; lastKnownFileType = sourcecode.swift; path = AppDelegate.swift; sourceTree = "<group>"; };
		868094651F0253EE0017DAEA /* ViewController.swift */ = {isa = PBXFileReference; lastKnownFileType = sourcecode.swift; path = ViewController.swift; sourceTree = "<group>"; };
		868094681F0253EE0017DAEA /* Base */ = {isa = PBXFileReference; lastKnownFileType = file.storyboard; name = Base; path = Base.lproj/Main.storyboard; sourceTree = "<group>"; };
		8680946A1F0253EE0017DAEA /* Assets.xcassets */ = {isa = PBXFileReference; lastKnownFileType = folder.assetcatalog; path = Assets.xcassets; sourceTree = "<group>"; };
		8680946D1F0253EE0017DAEA /* Base */ = {isa = PBXFileReference; lastKnownFileType = file.storyboard; name = Base; path = Base.lproj/LaunchScreen.storyboard; sourceTree = "<group>"; };
		8680946F1F0253EE0017DAEA /* Info.plist */ = {isa = PBXFileReference; lastKnownFileType = text.plist.xml; path = Info.plist; sourceTree = "<group>"; };
		BDAC3106CED9F4B238DE1146 /* Pods_YYColorExtension.framework */ = {isa = PBXFileReference; explicitFileType = wrapper.framework; includeInIndex = 0; path = Pods_YYColorExtension.framework; sourceTree = BUILT_PRODUCTS_DIR; };
		DFFBB8C3B886DAE14DD66DE0 /* Pods-YYColorExtension.debug.xcconfig */ = {isa = PBXFileReference; includeInIndex = 1; lastKnownFileType = text.xcconfig; name = "Pods-YYColorExtension.debug.xcconfig"; path = "Pods/Target Support Files/Pods-YYColorExtension/Pods-YYColorExtension.debug.xcconfig"; sourceTree = "<group>"; };
/* End PBXFileReference section */

/* Begin PBXFrameworksBuildPhase section */
		8680945D1F0253EE0017DAEA /* Frameworks */ = {
			isa = PBXFrameworksBuildPhase;
			buildActionMask = 2147483647;
			files = (
				87A7D07F4DC012F74EF4FCFF /* Pods_YYColorExtension.framework in Frameworks */,
			);
			runOnlyForDeploymentPostprocessing = 0;
		};
/* End PBXFrameworksBuildPhase section */

/* Begin PBXGroup section */
		3BF508733273D843B74CBA43 /* Frameworks */ = {
			isa = PBXGroup;
			children = (
				BDAC3106CED9F4B238DE1146 /* Pods_YYColorExtension.framework */,
			);
			name = Frameworks;
			sourceTree = "<group>";
		};
		721A97357F283AF57EE00C5C /* Pods */ = {
			isa = PBXGroup;
			children = (
				DFFBB8C3B886DAE14DD66DE0 /* Pods-YYColorExtension.debug.xcconfig */,
				4D112C3AC7ADD3394DB718BE /* Pods-YYColorExtension.release.xcconfig */,
			);
			name = Pods;
			sourceTree = "<group>";
		};
		868094571F0253ED0017DAEA = {
			isa = PBXGroup;
			children = (
				868094621F0253EE0017DAEA /* YYColorExtension */,
				868094611F0253EE0017DAEA /* Products */,
				721A97357F283AF57EE00C5C /* Pods */,
				3BF508733273D843B74CBA43 /* Frameworks */,
			);
			sourceTree = "<group>";
		};
		868094611F0253EE0017DAEA /* Products */ = {
			isa = PBXGroup;
			children = (
				868094601F0253EE0017DAEA /* YYColorExtension.app */,
			);
			name = Products;
			sourceTree = "<group>";
		};
		868094621F0253EE0017DAEA /* YYColorExtension */ = {
			isa = PBXGroup;
			children = (
				868094631F0253EE0017DAEA /* AppDelegate.swift */,
				868094651F0253EE0017DAEA /* ViewController.swift */,
				868094671F0253EE0017DAEA /* Main.storyboard */,
				8680946A1F0253EE0017DAEA /* Assets.xcassets */,
				8680946C1F0253EE0017DAEA /* LaunchScreen.storyboard */,
				8680946F1F0253EE0017DAEA /* Info.plist */,
			);
			path = YYColorExtension;
			sourceTree = "<group>";
		};
/* End PBXGroup section */

/* Begin PBXNativeTarget section */
		8680945F1F0253EE0017DAEA /* YYColorExtension */ = {
			isa = PBXNativeTarget;
			buildConfigurationList = 868094721F0253EE0017DAEA /* Build configuration list for PBXNativeTarget "YYColorExtension" */;
			buildPhases = (
				34CF85CA38BC09D150B3FFCC /* [CP] Check Pods Manifest.lock */,
				8680945C1F0253EE0017DAEA /* Sources */,
				8680945D1F0253EE0017DAEA /* Frameworks */,
				8680945E1F0253EE0017DAEA /* Resources */,
				C93E0918DB686AE0850570C6 /* [CP] Embed Pods Frameworks */,
				3B27748E1F43D72C3E6B5710 /* [CP] Copy Pods Resources */,
			);
			buildRules = (
			);
			dependencies = (
			);
			name = YYColorExtension;
			productName = YYColorExtension;
			productReference = 868094601F0253EE0017DAEA /* YYColorExtension.app */;
			productType = "com.apple.product-type.application";
		};
/* End PBXNativeTarget section */

/* Begin PBXProject section */
		868094581F0253ED0017DAEA /* Project object */ = {
			isa = PBXProject;
			attributes = {
				LastSwiftUpdateCheck = 0830;
				LastUpgradeCheck = 0830;
				ORGANIZATIONNAME = YuYang;
				TargetAttributes = {
					8680945F1F0253EE0017DAEA = {
						CreatedOnToolsVersion = 8.3.3;
						DevelopmentTeam = BD8XR93YF6;
						ProvisioningStyle = Automatic;
					};
				};
			};
			buildConfigurationList = 8680945B1F0253ED0017DAEA /* Build configuration list for PBXProject "YYColorExtension" */;
			compatibilityVersion = "Xcode 3.2";
			developmentRegion = English;
			hasScannedForEncodings = 0;
			knownRegions = (
				en,
				Base,
			);
			mainGroup = 868094571F0253ED0017DAEA;
			productRefGroup = 868094611F0253EE0017DAEA /* Products */;
			projectDirPath = "";
			projectRoot = "";
			targets = (
				8680945F1F0253EE0017DAEA /* YYColorExtension */,
			);
		};
/* End PBXProject section */

/* Begin PBXResourcesBuildPhase section */
		8680945E1F0253EE0017DAEA /* Resources */ = {
			isa = PBXResourcesBuildPhase;
			buildActionMask = 2147483647;
			files = (
				8680946E1F0253EE0017DAEA /* LaunchScreen.storyboard in Resources */,
				8680946B1F0253EE0017DAEA /* Assets.xcassets in Resources */,
				868094691F0253EE0017DAEA /* Main.storyboard in Resources */,
			);
			runOnlyForDeploymentPostprocessing = 0;
		};
/* End PBXResourcesBuildPhase section */

/* Begin PBXShellScriptBuildPhase section */
		34CF85CA38BC09D150B3FFCC /* [CP] Check Pods Manifest.lock */ = {
			isa = PBXShellScriptBuildPhase;
			buildActionMask = 2147483647;
			files = (
			);
			inputPaths = (
			);
			name = "[CP] Check Pods Manifest.lock";
			outputPaths = (
			);
			runOnlyForDeploymentPostprocessing = 0;
			shellPath = /bin/sh;
			shellScript = "diff \"${PODS_PODFILE_DIR_PATH}/Podfile.lock\" \"${PODS_ROOT}/Manifest.lock\" > /dev/null\nif [ $? != 0 ] ; then\n    # print error to STDERR\n    echo \"error: The sandbox is not in sync with the Podfile.lock. Run 'pod install' or update your CocoaPods installation.\" >&2\n    exit 1\nfi\n";
			showEnvVarsInLog = 0;
		};
		3B27748E1F43D72C3E6B5710 /* [CP] Copy Pods Resources */ = {
			isa = PBXShellScriptBuildPhase;
			buildActionMask = 2147483647;
			files = (
			);
			inputPaths = (
			);
			name = "[CP] Copy Pods Resources";
			outputPaths = (
			);
			runOnlyForDeploymentPostprocessing = 0;
			shellPath = /bin/sh;
			shellScript = "\"${SRCROOT}/Pods/Target Support Files/Pods-YYColorExtension/Pods-YYColorExtension-resources.sh\"\n";
			showEnvVarsInLog = 0;
		};
		C93E0918DB686AE0850570C6 /* [CP] Embed Pods Frameworks */ = {
			isa = PBXShellScriptBuildPhase;
			buildActionMask = 2147483647;
			files = (
			);
			inputPaths = (
			);
			name = "[CP] Embed Pods Frameworks";
			outputPaths = (
			);
			runOnlyForDeploymentPostprocessing = 0;
			shellPath = /bin/sh;
			shellScript = "\"${SRCROOT}/Pods/Target Support Files/Pods-YYColorExtension/Pods-YYColorExtension-frameworks.sh\"\n";
			showEnvVarsInLog = 0;
		};
/* End PBXShellScriptBuildPhase section */

/* Begin PBXSourcesBuildPhase section */
		8680945C1F0253EE0017DAEA /* Sources */ = {
			isa = PBXSourcesBuildPhase;
			buildActionMask = 2147483647;
			files = (
				868094661F0253EE0017DAEA /* ViewController.swift in Sources */,
				868094641F0253EE0017DAEA /* AppDelegate.swift in Sources */,
			);
			runOnlyForDeploymentPostprocessing = 0;
		};
/* End PBXSourcesBuildPhase section */

/* Begin PBXVariantGroup section */
		868094671F0253EE0017DAEA /* Main.storyboard */ = {
			isa = PBXVariantGroup;
			children = (
				868094681F0253EE0017DAEA /* Base */,
			);
			name = Main.storyboard;
			sourceTree = "<group>";
		};
		8680946C1F0253EE0017DAEA /* LaunchScreen.storyboard */ = {
			isa = PBXVariantGroup;
			children = (
				8680946D1F0253EE0017DAEA /* Base */,
			);
			name = LaunchScreen.storyboard;
			sourceTree = "<group>";
		};
/* End PBXVariantGroup section */

/* Begin XCBuildConfiguration section */
		868094701F0253EE0017DAEA /* Debug */ = {
			isa = XCBuildConfiguration;
			buildSettings = {
				ALWAYS_SEARCH_USER_PATHS = NO;
				CLANG_ANALYZER_NONNULL = YES;
				CLANG_ANALYZER_NUMBER_OBJECT_CONVERSION = YES_AGGRESSIVE;
				CLANG_CXX_LANGUAGE_STANDARD = "gnu++0x";
				CLANG_CXX_LIBRARY = "libc++";
				CLANG_ENABLE_MODULES = YES;
				CLANG_ENABLE_OBJC_ARC = YES;
				CLANG_WARN_BOOL_CONVERSION = YES;
				CLANG_WARN_CONSTANT_CONVERSION = YES;
				CLANG_WARN_DIRECT_OBJC_ISA_USAGE = YES_ERROR;
				CLANG_WARN_DOCUMENTATION_COMMENTS = YES;
				CLANG_WARN_EMPTY_BODY = YES;
				CLANG_WARN_ENUM_CONVERSION = YES;
				CLANG_WARN_INFINITE_RECURSION = YES;
				CLANG_WARN_INT_CONVERSION = YES;
				CLANG_WARN_OBJC_ROOT_CLASS = YES_ERROR;
				CLANG_WARN_SUSPICIOUS_MOVE = YES;
				CLANG_WARN_UNREACHABLE_CODE = YES;
				CLANG_WARN__DUPLICATE_METHOD_MATCH = YES;
				"CODE_SIGN_IDENTITY[sdk=iphoneos*]" = "iPhone Developer";
				COPY_PHASE_STRIP = NO;
				DEBUG_INFORMATION_FORMAT = dwarf;
				ENABLE_STRICT_OBJC_MSGSEND = YES;
				ENABLE_TESTABILITY = YES;
				GCC_C_LANGUAGE_STANDARD = gnu99;
				GCC_DYNAMIC_NO_PIC = NO;
				GCC_NO_COMMON_BLOCKS = YES;
				GCC_OPTIMIZATION_LEVEL = 0;
				GCC_PREPROCESSOR_DEFINITIONS = (
					"DEBUG=1",
					"$(inherited)",
				);
				GCC_WARN_64_TO_32_BIT_CONVERSION = YES;
				GCC_WARN_ABOUT_RETURN_TYPE = YES_ERROR;
				GCC_WARN_UNDECLARED_SELECTOR = YES;
				GCC_WARN_UNINITIALIZED_AUTOS = YES_AGGRESSIVE;
				GCC_WARN_UNUSED_FUNCTION = YES;
				GCC_WARN_UNUSED_VARIABLE = YES;
				IPHONEOS_DEPLOYMENT_TARGET = 9.0;
				MTL_ENABLE_DEBUG_INFO = YES;
				ONLY_ACTIVE_ARCH = YES;
				SDKROOT = iphoneos;
				SWIFT_ACTIVE_COMPILATION_CONDITIONS = DEBUG;
				SWIFT_OPTIMIZATION_LEVEL = "-Onone";
			};
			name = Debug;
		};
		868094711F0253EE0017DAEA /* Release */ = {
			isa = XCBuildConfiguration;
			buildSettings = {
				ALWAYS_SEARCH_USER_PATHS = NO;
				CLANG_ANALYZER_NONNULL = YES;
				CLANG_ANALYZER_NUMBER_OBJECT_CONVERSION = YES_AGGRESSIVE;
				CLANG_CXX_LANGUAGE_STANDARD = "gnu++0x";
				CLANG_CXX_LIBRARY = "libc++";
				CLANG_ENABLE_MODULES = YES;
				CLANG_ENABLE_OBJC_ARC = YES;
				CLANG_WARN_BOOL_CONVERSION = YES;
				CLANG_WARN_CONSTANT_CONVERSION = YES;
				CLANG_WARN_DIRECT_OBJC_ISA_USAGE = YES_ERROR;
				CLANG_WARN_DOCUMENTATION_COMMENTS = YES;
				CLANG_WARN_EMPTY_BODY = YES;
				CLANG_WARN_ENUM_CONVERSION = YES;
				CLANG_WARN_INFINITE_RECURSION = YES;
				CLANG_WARN_INT_CONVERSION = YES;
				CLANG_WARN_OBJC_ROOT_CLASS = YES_ERROR;
				CLANG_WARN_SUSPICIOUS_MOVE = YES;
				CLANG_WARN_UNREACHABLE_CODE = YES;
				CLANG_WARN__DUPLICATE_METHOD_MATCH = YES;
				"CODE_SIGN_IDENTITY[sdk=iphoneos*]" = "iPhone Developer";
				COPY_PHASE_STRIP = NO;
				DEBUG_INFORMATION_FORMAT = "dwarf-with-dsym";
				ENABLE_NS_ASSERTIONS = NO;
				ENABLE_STRICT_OBJC_MSGSEND = YES;
				GCC_C_LANGUAGE_STANDARD = gnu99;
				GCC_NO_COMMON_BLOCKS = YES;
				GCC_WARN_64_TO_32_BIT_CONVERSION = YES;
				GCC_WARN_ABOUT_RETURN_TYPE = YES_ERROR;
				GCC_WARN_UNDECLARED_SELECTOR = YES;
				GCC_WARN_UNINITIALIZED_AUTOS = YES_AGGRESSIVE;
				GCC_WARN_UNUSED_FUNCTION = YES;
				GCC_WARN_UNUSED_VARIABLE = YES;
				IPHONEOS_DEPLOYMENT_TARGET = 9.0;
				MTL_ENABLE_DEBUG_INFO = NO;
				SDKROOT = iphoneos;
				SWIFT_OPTIMIZATION_LEVEL = "-Owholemodule";
				VALIDATE_PRODUCT = YES;
			};
			name = Release;
		};
		868094731F0253EE0017DAEA /* Debug */ = {
			isa = XCBuildConfiguration;
			baseConfigurationReference = DFFBB8C3B886DAE14DD66DE0 /* Pods-YYColorExtension.debug.xcconfig */;
			buildSettings = {
				ASSETCATALOG_COMPILER_APPICON_NAME = AppIcon;
				DEVELOPMENT_TEAM = BD8XR93YF6;
				INFOPLIST_FILE = YYColorExtension/Info.plist;
				LD_RUNPATH_SEARCH_PATHS = "$(inherited) @executable_path/Frameworks";
				PRODUCT_BUNDLE_IDENTIFIER = YuYang.YYColorExtension;
				PRODUCT_NAME = "$(TARGET_NAME)";
				SWIFT_VERSION = 3.0;
			};
			name = Debug;
		};
		868094741F0253EE0017DAEA /* Release */ = {
			isa = XCBuildConfiguration;
			baseConfigurationReference = 4D112C3AC7ADD3394DB718BE /* Pods-YYColorExtension.release.xcconfig */;
			buildSettings = {
				ASSETCATALOG_COMPILER_APPICON_NAME = AppIcon;
				DEVELOPMENT_TEAM = BD8XR93YF6;
				INFOPLIST_FILE = YYColorExtension/Info.plist;
				LD_RUNPATH_SEARCH_PATHS = "$(inherited) @executable_path/Frameworks";
				PRODUCT_BUNDLE_IDENTIFIER = YuYang.YYColorExtension;
				PRODUCT_NAME = "$(TARGET_NAME)";
				SWIFT_VERSION = 3.0;
			};
			name = Release;
		};
/* End XCBuildConfiguration section */

/* Begin XCConfigurationList section */
		8680945B1F0253ED0017DAEA /* Build configuration list for PBXProject "YYColorExtension" */ = {
			isa = XCConfigurationList;
			buildConfigurations = (
				868094701F0253EE0017DAEA /* Debug */,
				868094711F0253EE0017DAEA /* Release */,
			);
			defaultConfigurationIsVisible = 0;
			defaultConfigurationName = Release;
		};
		868094721F0253EE0017DAEA /* Build configuration list for PBXNativeTarget "YYColorExtension" */ = {
			isa = XCConfigurationList;
			buildConfigurations = (
				868094731F0253EE0017DAEA /* Debug */,
				868094741F0253EE0017DAEA /* Release */,
			);
			defaultConfigurationIsVisible = 0;
			defaultConfigurationName = Release;
		};
/* End XCConfigurationList section */
	};
	rootObject = 868094581F0253ED0017DAEA /* Project object */;
}
